
Microsoft Visual Studio Solution File, Format Version 12.00
# Visual Studio 14
VisualStudioVersion = 14.0.25123.0
MinimumVisualStudioVersion = 10.0.40219.1
Project("{FAE04EC0-301F-11D3-BF4B-00C04F79EFBC}") = "UbsSampleFundAppUi", "UbsSampleFundApp\UbsSampleFundAppUi.csproj", "{A57D05A7-122F-4E6A-BE38-5B4E810D3DEE}"
EndProject
Project("{FAE04EC0-301F-11D3-BF4B-00C04F79EFBC}") = "FundAppDomain", "FundAppDomain\FundAppDomain.csproj", "{5506A7B2-9B65-4224-8FE6-EE43C156EA78}"
EndProject
Project("{2150E333-8FDC-42A3-9474-1A3956D46DE8}") = "Src", "Src", "{9DF5CBDD-DB4B-4256-B19B-B2F4FFCED3CF}"
EndProject
Project("{2150E333-8FDC-42A3-9474-1A3956D46DE8}") = "Tests", "Tests", "{1A2027CF-7130-4523-9282-C71B72380794}"
EndProject
Project("{FAE04EC0-301F-11D3-BF4B-00C04F79EFBC}") = "FundAppPersistence", "FundAppPersistence\FundAppPersistence.csproj", "{AB06FD94-5904-4F48-BC45-FD312A406260}"
EndProject
Project("{FAE04EC0-301F-11D3-BF4B-00C04F79EFBC}") = "FundAppDomainTests", "FundAppDomainTests\FundAppDomainTests.csproj", "{2FA7B0F4-6A74-49DB-90E2-7E5A21CE43AB}"
EndProject
Global
	GlobalSection(SolutionConfigurationPlatforms) = preSolution
		Debug|Any CPU = Debug|Any CPU
		Debug|ARM = Debug|ARM
		Debug|x64 = Debug|x64
		Debug|x86 = Debug|x86
		Release|Any CPU = Release|Any CPU
		Release|ARM = Release|ARM
		Release|x64 = Release|x64
		Release|x86 = Release|x86
	EndGlobalSection
	GlobalSection(ProjectConfigurationPlatforms) = postSolution
		{A57D05A7-122F-4E6A-BE38-5B4E810D3DEE}.Debug|Any CPU.ActiveCfg = Debug|Any CPU
		{A57D05A7-122F-4E6A-BE38-5B4E810D3DEE}.Debug|Any CPU.Build.0 = Debug|Any CPU
		{A57D05A7-122F-4E6A-BE38-5B4E810D3DEE}.Debug|ARM.ActiveCfg = Debug|Any CPU
		{A57D05A7-122F-4E6A-BE38-5B4E810D3DEE}.Debug|ARM.Build.0 = Debug|Any CPU
		{A57D05A7-122F-4E6A-BE38-5B4E810D3DEE}.Debug|x64.ActiveCfg = Debug|Any CPU
		{A57D05A7-122F-4E6A-BE38-5B4E810D3DEE}.Debug|x64.Build.0 = Debug|Any CPU
		{A57D05A7-122F-4E6A-BE38-5B4E810D3DEE}.Debug|x86.ActiveCfg = Debug|Any CPU
		{A57D05A7-122F-4E6A-BE38-5B4E810D3DEE}.Debug|x86.Build.0 = Debug|Any CPU
		{A57D05A7-122F-4E6A-BE38-5B4E810D3DEE}.Release|Any CPU.ActiveCfg = Release|Any CPU
		{A57D05A7-122F-4E6A-BE38-5B4E810D3DEE}.Release|Any CPU.Build.0 = Release|Any CPU
		{A57D05A7-122F-4E6A-BE38-5B4E810D3DEE}.Release|ARM.ActiveCfg = Release|Any CPU
		{A57D05A7-122F-4E6A-BE38-5B4E810D3DEE}.Release|ARM.Build.0 = Release|Any CPU
		{A57D05A7-122F-4E6A-BE38-5B4E810D3DEE}.Release|x64.ActiveCfg = Release|Any CPU
		{A57D05A7-122F-4E6A-BE38-5B4E810D3DEE}.Release|x64.Build.0 = Release|Any CPU
		{A57D05A7-122F-4E6A-BE38-5B4E810D3DEE}.Release|x86.ActiveCfg = Release|Any CPU
		{A57D05A7-122F-4E6A-BE38-5B4E810D3DEE}.Release|x86.Build.0 = Release|Any CPU
		{5506A7B2-9B65-4224-8FE6-EE43C156EA78}.Debug|Any CPU.ActiveCfg = Debug|Any CPU
		{5506A7B2-9B65-4224-8FE6-EE43C156EA78}.Debug|Any CPU.Build.0 = Debug|Any CPU
		{5506A7B2-9B65-4224-8FE6-EE43C156EA78}.Debug|ARM.ActiveCfg = Debug|Any CPU
		{5506A7B2-9B65-4224-8FE6-EE43C156EA78}.Debug|ARM.Build.0 = Debug|Any CPU
		{5506A7B2-9B65-4224-8FE6-EE43C156EA78}.Debug|x64.ActiveCfg = Debug|Any CPU
		{5506A7B2-9B65-4224-8FE6-EE43C156EA78}.Debug|x64.Build.0 = Debug|Any CPU
		{5506A7B2-9B65-4224-8FE6-EE43C156EA78}.Debug|x86.ActiveCfg = Debug|Any CPU
		{5506A7B2-9B65-4224-8FE6-EE43C156EA78}.Debug|x86.Build.0 = Debug|Any CPU
		{5506A7B2-9B65-4224-8FE6-EE43C156EA78}.Release|Any CPU.ActiveCfg = Release|Any CPU
		{5506A7B2-9B65-4224-8FE6-EE43C156EA78}.Release|Any CPU.Build.0 = Release|Any CPU
		{5506A7B2-9B65-4224-8FE6-EE43C156EA78}.Release|ARM.ActiveCfg = Release|Any CPU
		{5506A7B2-9B65-4224-8FE6-EE43C156EA78}.Release|ARM.Build.0 = Release|Any CPU
		{5506A7B2-9B65-4224-8FE6-EE43C156EA78}.Release|x64.ActiveCfg = Release|Any CPU
		{5506A7B2-9B65-4224-8FE6-EE43C156EA78}.Release|x64.Build.0 = Release|Any CPU
		{5506A7B2-9B65-4224-8FE6-EE43C156EA78}.Release|x86.ActiveCfg = Release|Any CPU
		{5506A7B2-9B65-4224-8FE6-EE43C156EA78}.Release|x86.Build.0 = Release|Any CPU
		{AB06FD94-5904-4F48-BC45-FD312A406260}.Debug|Any CPU.ActiveCfg = Debug|Any CPU
		{AB06FD94-5904-4F48-BC45-FD312A406260}.Debug|Any CPU.Build.0 = Debug|Any CPU
		{AB06FD94-5904-4F48-BC45-FD312A406260}.Debug|ARM.ActiveCfg = Debug|Any CPU
		{AB06FD94-5904-4F48-BC45-FD312A406260}.Debug|ARM.Build.0 = Debug|Any CPU
		{AB06FD94-5904-4F48-BC45-FD312A406260}.Debug|x64.ActiveCfg = Debug|Any CPU
		{AB06FD94-5904-4F48-BC45-FD312A406260}.Debug|x64.Build.0 = Debug|Any CPU
		{AB06FD94-5904-4F48-BC45-FD312A406260}.Debug|x86.ActiveCfg = Debug|Any CPU
		{AB06FD94-5904-4F48-BC45-FD312A406260}.Debug|x86.Build.0 = Debug|Any CPU
		{AB06FD94-5904-4F48-BC45-FD312A406260}.Release|Any CPU.ActiveCfg = Release|Any CPU
		{AB06FD94-5904-4F48-BC45-FD312A406260}.Release|Any CPU.Build.0 = Release|Any CPU
		{AB06FD94-5904-4F48-BC45-FD312A406260}.Release|ARM.ActiveCfg = Release|Any CPU
		{AB06FD94-5904-4F48-BC45-FD312A406260}.Release|ARM.Build.0 = Release|Any CPU
		{AB06FD94-5904-4F48-BC45-FD312A406260}.Release|x64.ActiveCfg = Release|Any CPU
		{AB06FD94-5904-4F48-BC45-FD312A406260}.Release|x64.Build.0 = Release|Any CPU
		{AB06FD94-5904-4F48-BC45-FD312A406260}.Release|x86.ActiveCfg = Release|Any CPU
		{AB06FD94-5904-4F48-BC45-FD312A406260}.Release|x86.Build.0 = Release|Any CPU
		{2FA7B0F4-6A74-49DB-90E2-7E5A21CE43AB}.Debug|Any CPU.ActiveCfg = Debug|Any CPU
		{2FA7B0F4-6A74-49DB-90E2-7E5A21CE43AB}.Debug|Any CPU.Build.0 = Debug|Any CPU
		{2FA7B0F4-6A74-49DB-90E2-7E5A21CE43AB}.Debug|ARM.ActiveCfg = Debug|Any CPU
		{2FA7B0F4-6A74-49DB-90E2-7E5A21CE43AB}.Debug|ARM.Build.0 = Debug|Any CPU
		{2FA7B0F4-6A74-49DB-90E2-7E5A21CE43AB}.Debug|x64.ActiveCfg = Debug|Any CPU
		{2FA7B0F4-6A74-49DB-90E2-7E5A21CE43AB}.Debug|x64.Build.0 = Debug|Any CPU
		{2FA7B0F4-6A74-49DB-90E2-7E5A21CE43AB}.Debug|x86.ActiveCfg = Debug|Any CPU
		{2FA7B0F4-6A74-49DB-90E2-7E5A21CE43AB}.Debug|x86.Build.0 = Debug|Any CPU
		{2FA7B0F4-6A74-49DB-90E2-7E5A21CE43AB}.Release|Any CPU.ActiveCfg = Release|Any CPU
		{2FA7B0F4-6A74-49DB-90E2-7E5A21CE43AB}.Release|Any CPU.Build.0 = Release|Any CPU
		{2FA7B0F4-6A74-49DB-90E2-7E5A21CE43AB}.Release|ARM.ActiveCfg = Release|Any CPU
		{2FA7B0F4-6A74-49DB-90E2-7E5A21CE43AB}.Release|ARM.Build.0 = Release|Any CPU
		{2FA7B0F4-6A74-49DB-90E2-7E5A21CE43AB}.Release|x64.ActiveCfg = Release|Any CPU
		{2FA7B0F4-6A74-49DB-90E2-7E5A21CE43AB}.Release|x64.Build.0 = Release|Any CPU
		{2FA7B0F4-6A74-49DB-90E2-7E5A21CE43AB}.Release|x86.ActiveCfg = Release|Any CPU
		{2FA7B0F4-6A74-49DB-90E2-7E5A21CE43AB}.Release|x86.Build.0 = Release|Any CPU
	EndGlobalSection
	GlobalSection(SolutionProperties) = preSolution
		HideSolutionNode = FALSE
	EndGlobalSection
	GlobalSection(NestedProjects) = preSolution
		{A57D05A7-122F-4E6A-BE38-5B4E810D3DEE} = {9DF5CBDD-DB4B-4256-B19B-B2F4FFCED3CF}
		{5506A7B2-9B65-4224-8FE6-EE43C156EA78} = {9DF5CBDD-DB4B-4256-B19B-B2F4FFCED3CF}
		{AB06FD94-5904-4F48-BC45-FD312A406260} = {9DF5CBDD-DB4B-4256-B19B-B2F4FFCED3CF}
		{2FA7B0F4-6A74-49DB-90E2-7E5A21CE43AB} = {1A2027CF-7130-4523-9282-C71B72380794}
	EndGlobalSection
EndGlobal
